
Microsoft Visual Studio Solution File, Format Version 12.00
# Visual Studio Version 17
VisualStudioVersion = 17.11.35303.130
MinimumVisualStudioVersion = 10.0.40219.1
Project("{FAE04EC0-301F-11D3-BF4B-00C04F79EFBC}") = "2. WinTimer2", "2. WinTimer2.csproj", "{3DA2AC82-9359-4ECF-AE9E-5AFD5841521D}"
EndProject
Global
	GlobalSection(SolutionConfigurationPlatforms) = preSolution
		Debug|Any CPU = Debug|Any CPU
		Release|Any CPU = Release|Any CPU
	EndGlobalSection
	GlobalSection(ProjectConfigurationPlatforms) = postSolution
		{3DA2AC82-9359-4ECF-AE9E-5AFD5841521D}.Debug|Any CPU.ActiveCfg = Debug|Any CPU
		{3DA2AC82-9359-4ECF-AE9E-5AFD5841521D}.Debug|Any CPU.Build.0 = Debug|Any CPU
		{3DA2AC82-9359-4ECF-AE9E-5AFD5841521D}.Release|Any CPU.ActiveCfg = Release|Any CPU
		{3DA2AC82-9359-4ECF-AE9E-5AFD5841521D}.Release|Any CPU.Build.0 = Release|Any CPU
	EndGlobalSection
	GlobalSection(SolutionProperties) = preSolution
		HideSolutionNode = FALSE
	EndGlobalSection
	GlobalSection(ExtensibilityGlobals) = postSolution
		SolutionGuid = {9DCD7574-1CA5-4FCB-80B9-930F9EE3DF20}
	EndGlobalSection
EndGlobal
